
Microsoft Visual Studio Solution File, Format Version 11.00
# Visual Studio 2010
Project("{FAE04EC0-301F-11D3-BF4B-00C04F79EFBC}") = "emial_hospital_key", "emial_hospital_key\emial_hospital_key.csproj", "{8D41D7B6-6C1D-49A1-B9E4-1240A7182BB7}"
EndProject
Global
	GlobalSection(SolutionConfigurationPlatforms) = preSolution
		Debug|Any CPU = Debug|Any CPU
		Release|Any CPU = Release|Any CPU
	EndGlobalSection
	GlobalSection(ProjectConfigurationPlatforms) = postSolution
		{8D41D7B6-6C1D-49A1-B9E4-1240A7182BB7}.Release|Any CPU.ActiveCfg = Release|Any CPU
		{8D41D7B6-6C1D-49A1-B9E4-1240A7182BB7}.Release|Any CPU.Build.0 = Release|Any CPU
		{8D41D7B6-6C1D-49A1-B9E4-1240A7182BB7}.Debug|Any CPU.ActiveCfg = |Any CPU
		{8D41D7B6-6C1D-49A1-B9E4-1240A7182BB7}.Debug|Any CPU.Build.0 = |Any CPU
	EndGlobalSection
	GlobalSection(SolutionProperties) = preSolution
		HideSolutionNode = FALSE
	EndGlobalSection
EndGlobal
